
Microsoft Visual Studio Solution File, Format Version 12.00
# Visual Studio Version 17
VisualStudioVersion = 17.9.34728.123
MinimumVisualStudioVersion = 10.0.40219.1
Project("{8BC9CEB8-8B4A-11D0-8D11-00A0C91BC942}") = "clk", "clk\clk.vcxproj", "{CE9474CE-154D-458C-A290-E8714F612DB7}"
EndProject
Project("{8BC9CEB8-8B4A-11D0-8D11-00A0C91BC942}") = "shared", "shared\shared.vcxproj", "{C011BB62-7C6F-469A-97DD-723FAB78A71B}"
EndProject
Project("{8BC9CEB8-8B4A-11D0-8D11-00A0C91BC942}") = "process", "process\process.vcxproj", "{CD77450A-2B76-4A12-B3A3-03E16EE56F24}"
EndProject
Project("{8BC9CEB8-8B4A-11D0-8D11-00A0C91BC942}") = "process_generator", "process_generator\process_generator.vcxproj", "{589E3B36-27E2-485B-BFCF-F15F60B585D4}"
EndProject
Project("{8BC9CEB8-8B4A-11D0-8D11-00A0C91BC942}") = "scheduler", "scheduler\scheduler.vcxproj", "{EBCF7209-9F78-4D31-868C-5CDBF2492D05}"
EndProject
Global
	GlobalSection(SolutionConfigurationPlatforms) = preSolution
		Debug|ARM = Debug|ARM
		Debug|ARM64 = Debug|ARM64
		Debug|x64 = Debug|x64
		Debug|x86 = Debug|x86
		Release|ARM = Release|ARM
		Release|ARM64 = Release|ARM64
		Release|x64 = Release|x64
		Release|x86 = Release|x86
	EndGlobalSection
	GlobalSection(ProjectConfigurationPlatforms) = postSolution
		{CE9474CE-154D-458C-A290-E8714F612DB7}.Debug|ARM.ActiveCfg = Debug|ARM
		{CE9474CE-154D-458C-A290-E8714F612DB7}.Debug|ARM.Build.0 = Debug|ARM
		{CE9474CE-154D-458C-A290-E8714F612DB7}.Debug|ARM.Deploy.0 = Debug|ARM
		{CE9474CE-154D-458C-A290-E8714F612DB7}.Debug|ARM64.ActiveCfg = Debug|ARM64
		{CE9474CE-154D-458C-A290-E8714F612DB7}.Debug|ARM64.Build.0 = Debug|ARM64
		{CE9474CE-154D-458C-A290-E8714F612DB7}.Debug|ARM64.Deploy.0 = Debug|ARM64
		{CE9474CE-154D-458C-A290-E8714F612DB7}.Debug|x64.ActiveCfg = Debug|x64
		{CE9474CE-154D-458C-A290-E8714F612DB7}.Debug|x64.Build.0 = Debug|x64
		{CE9474CE-154D-458C-A290-E8714F612DB7}.Debug|x64.Deploy.0 = Debug|x64
		{CE9474CE-154D-458C-A290-E8714F612DB7}.Debug|x86.ActiveCfg = Debug|x86
		{CE9474CE-154D-458C-A290-E8714F612DB7}.Debug|x86.Build.0 = Debug|x86
		{CE9474CE-154D-458C-A290-E8714F612DB7}.Debug|x86.Deploy.0 = Debug|x86
		{CE9474CE-154D-458C-A290-E8714F612DB7}.Release|ARM.ActiveCfg = Release|ARM
		{CE9474CE-154D-458C-A290-E8714F612DB7}.Release|ARM.Build.0 = Release|ARM
		{CE9474CE-154D-458C-A290-E8714F612DB7}.Release|ARM.Deploy.0 = Release|ARM
		{CE9474CE-154D-458C-A290-E8714F612DB7}.Release|ARM64.ActiveCfg = Release|ARM64
		{CE9474CE-154D-458C-A290-E8714F612DB7}.Release|ARM64.Build.0 = Release|ARM64
		{CE9474CE-154D-458C-A290-E8714F612DB7}.Release|ARM64.Deploy.0 = Release|ARM64
		{CE9474CE-154D-458C-A290-E8714F612DB7}.Release|x64.ActiveCfg = Release|x64
		{CE9474CE-154D-458C-A290-E8714F612DB7}.Release|x64.Build.0 = Release|x64
		{CE9474CE-154D-458C-A290-E8714F612DB7}.Release|x64.Deploy.0 = Release|x64
		{CE9474CE-154D-458C-A290-E8714F612DB7}.Release|x86.ActiveCfg = Release|x86
		{CE9474CE-154D-458C-A290-E8714F612DB7}.Release|x86.Build.0 = Release|x86
		{CE9474CE-154D-458C-A290-E8714F612DB7}.Release|x86.Deploy.0 = Release|x86
		{C011BB62-7C6F-469A-97DD-723FAB78A71B}.Debug|ARM.ActiveCfg = Debug|ARM
		{C011BB62-7C6F-469A-97DD-723FAB78A71B}.Debug|ARM.Build.0 = Debug|ARM
		{C011BB62-7C6F-469A-97DD-723FAB78A71B}.Debug|ARM.Deploy.0 = Debug|ARM
		{C011BB62-7C6F-469A-97DD-723FAB78A71B}.Debug|ARM64.ActiveCfg = Debug|ARM64
		{C011BB62-7C6F-469A-97DD-723FAB78A71B}.Debug|ARM64.Build.0 = Debug|ARM64
		{C011BB62-7C6F-469A-97DD-723FAB78A71B}.Debug|ARM64.Deploy.0 = Debug|ARM64
		{C011BB62-7C6F-469A-97DD-723FAB78A71B}.Debug|x64.ActiveCfg = Debug|x64
		{C011BB62-7C6F-469A-97DD-723FAB78A71B}.Debug|x64.Build.0 = Debug|x64
		{C011BB62-7C6F-469A-97DD-723FAB78A71B}.Debug|x64.Deploy.0 = Debug|x64
		{C011BB62-7C6F-469A-97DD-723FAB78A71B}.Debug|x86.ActiveCfg = Debug|x86
		{C011BB62-7C6F-469A-97DD-723FAB78A71B}.Debug|x86.Build.0 = Debug|x86
		{C011BB62-7C6F-469A-97DD-723FAB78A71B}.Debug|x86.Deploy.0 = Debug|x86
		{C011BB62-7C6F-469A-97DD-723FAB78A71B}.Release|ARM.ActiveCfg = Release|ARM
		{C011BB62-7C6F-469A-97DD-723FAB78A71B}.Release|ARM.Build.0 = Release|ARM
		{C011BB62-7C6F-469A-97DD-723FAB78A71B}.Release|ARM.Deploy.0 = Release|ARM
		{C011BB62-7C6F-469A-97DD-723FAB78A71B}.Release|ARM64.ActiveCfg = Release|ARM64
		{C011BB62-7C6F-469A-97DD-723FAB78A71B}.Release|ARM64.Build.0 = Release|ARM64
		{C011BB62-7C6F-469A-97DD-723FAB78A71B}.Release|ARM64.Deploy.0 = Release|ARM64
		{C011BB62-7C6F-469A-97DD-723FAB78A71B}.Release|x64.ActiveCfg = Release|x64
		{C011BB62-7C6F-469A-97DD-723FAB78A71B}.Release|x64.Build.0 = Release|x64
		{C011BB62-7C6F-469A-97DD-723FAB78A71B}.Release|x64.Deploy.0 = Release|x64
		{C011BB62-7C6F-469A-97DD-723FAB78A71B}.Release|x86.ActiveCfg = Release|x86
		{C011BB62-7C6F-469A-97DD-723FAB78A71B}.Release|x86.Build.0 = Release|x86
		{C011BB62-7C6F-469A-97DD-723FAB78A71B}.Release|x86.Deploy.0 = Release|x86
		{CD77450A-2B76-4A12-B3A3-03E16EE56F24}.Debug|ARM.ActiveCfg = Debug|ARM
		{CD77450A-2B76-4A12-B3A3-03E16EE56F24}.Debug|ARM.Build.0 = Debug|ARM
		{CD77450A-2B76-4A12-B3A3-03E16EE56F24}.Debug|ARM.Deploy.0 = Debug|ARM
		{CD77450A-2B76-4A12-B3A3-03E16EE56F24}.Debug|ARM64.ActiveCfg = Debug|ARM64
		{CD77450A-2B76-4A12-B3A3-03E16EE56F24}.Debug|ARM64.Build.0 = Debug|ARM64
		{CD77450A-2B76-4A12-B3A3-03E16EE56F24}.Debug|ARM64.Deploy.0 = Debug|ARM64
		{CD77450A-2B76-4A12-B3A3-03E16EE56F24}.Debug|x64.ActiveCfg = Debug|x64
		{CD77450A-2B76-4A12-B3A3-03E16EE56F24}.Debug|x64.Build.0 = Debug|x64
		{CD77450A-2B76-4A12-B3A3-03E16EE56F24}.Debug|x64.Deploy.0 = Debug|x64
		{CD77450A-2B76-4A12-B3A3-03E16EE56F24}.Debug|x86.ActiveCfg = Debug|x86
		{CD77450A-2B76-4A12-B3A3-03E16EE56F24}.Debug|x86.Build.0 = Debug|x86
		{CD77450A-2B76-4A12-B3A3-03E16EE56F24}.Debug|x86.Deploy.0 = Debug|x86
		{CD77450A-2B76-4A12-B3A3-03E16EE56F24}.Release|ARM.ActiveCfg = Release|ARM
		{CD77450A-2B76-4A12-B3A3-03E16EE56F24}.Release|ARM.Build.0 = Release|ARM
		{CD77450A-2B76-4A12-B3A3-03E16EE56F24}.Release|ARM.Deploy.0 = Release|ARM
		{CD77450A-2B76-4A12-B3A3-03E16EE56F24}.Release|ARM64.ActiveCfg = Release|ARM64
		{CD77450A-2B76-4A12-B3A3-03E16EE56F24}.Release|ARM64.Build.0 = Release|ARM64
		{CD77450A-2B76-4A12-B3A3-03E16EE56F24}.Release|ARM64.Deploy.0 = Release|ARM64
		{CD77450A-2B76-4A12-B3A3-03E16EE56F24}.Release|x64.ActiveCfg = Release|x64
		{CD77450A-2B76-4A12-B3A3-03E16EE56F24}.Release|x64.Build.0 = Release|x64
		{CD77450A-2B76-4A12-B3A3-03E16EE56F24}.Release|x64.Deploy.0 = Release|x64
		{CD77450A-2B76-4A12-B3A3-03E16EE56F24}.Release|x86.ActiveCfg = Release|x86
		{CD77450A-2B76-4A12-B3A3-03E16EE56F24}.Release|x86.Build.0 = Release|x86
		{CD77450A-2B76-4A12-B3A3-03E16EE56F24}.Release|x86.Deploy.0 = Release|x86
		{589E3B36-27E2-485B-BFCF-F15F60B585D4}.Debug|ARM.ActiveCfg = Debug|ARM
		{589E3B36-27E2-485B-BFCF-F15F60B585D4}.Debug|ARM.Build.0 = Debug|ARM
		{589E3B36-27E2-485B-BFCF-F15F60B585D4}.Debug|ARM.Deploy.0 = Debug|ARM
		{589E3B36-27E2-485B-BFCF-F15F60B585D4}.Debug|ARM64.ActiveCfg = Debug|ARM64
		{589E3B36-27E2-485B-BFCF-F15F60B585D4}.Debug|ARM64.Build.0 = Debug|ARM64
		{589E3B36-27E2-485B-BFCF-F15F60B585D4}.Debug|ARM64.Deploy.0 = Debug|ARM64
		{589E3B36-27E2-485B-BFCF-F15F60B585D4}.Debug|x64.ActiveCfg = Debug|x64
		{589E3B36-27E2-485B-BFCF-F15F60B585D4}.Debug|x64.Build.0 = Debug|x64
		{589E3B36-27E2-485B-BFCF-F15F60B585D4}.Debug|x64.Deploy.0 = Debug|x64
		{589E3B36-27E2-485B-BFCF-F15F60B585D4}.Debug|x86.ActiveCfg = Debug|x86
		{589E3B36-27E2-485B-BFCF-F15F60B585D4}.Debug|x86.Build.0 = Debug|x86
		{589E3B36-27E2-485B-BFCF-F15F60B585D4}.Debug|x86.Deploy.0 = Debug|x86
		{589E3B36-27E2-485B-BFCF-F15F60B585D4}.Release|ARM.ActiveCfg = Release|ARM
		{589E3B36-27E2-485B-BFCF-F15F60B585D4}.Release|ARM.Build.0 = Release|ARM
		{589E3B36-27E2-485B-BFCF-F15F60B585D4}.Release|ARM.Deploy.0 = Release|ARM
		{589E3B36-27E2-485B-BFCF-F15F60B585D4}.Release|ARM64.ActiveCfg = Release|ARM64
		{589E3B36-27E2-485B-BFCF-F15F60B585D4}.Release|ARM64.Build.0 = Release|ARM64
		{589E3B36-27E2-485B-BFCF-F15F60B585D4}.Release|ARM64.Deploy.0 = Release|ARM64
		{589E3B36-27E2-485B-BFCF-F15F60B585D4}.Release|x64.ActiveCfg = Release|x64
		{589E3B36-27E2-485B-BFCF-F15F60B585D4}.Release|x64.Build.0 = Release|x64
		{589E3B36-27E2-485B-BFCF-F15F60B585D4}.Release|x64.Deploy.0 = Release|x64
		{589E3B36-27E2-485B-BFCF-F15F60B585D4}.Release|x86.ActiveCfg = Release|x86
		{589E3B36-27E2-485B-BFCF-F15F60B585D4}.Release|x86.Build.0 = Release|x86
		{589E3B36-27E2-485B-BFCF-F15F60B585D4}.Release|x86.Deploy.0 = Release|x86
		{EBCF7209-9F78-4D31-868C-5CDBF2492D05}.Debug|ARM.ActiveCfg = Debug|ARM
		{EBCF7209-9F78-4D31-868C-5CDBF2492D05}.Debug|ARM.Build.0 = Debug|ARM
		{EBCF7209-9F78-4D31-868C-5CDBF2492D05}.Debug|ARM.Deploy.0 = Debug|ARM
		{EBCF7209-9F78-4D31-868C-5CDBF2492D05}.Debug|ARM64.ActiveCfg = Debug|ARM64
		{EBCF7209-9F78-4D31-868C-5CDBF2492D05}.Debug|ARM64.Build.0 = Debug|ARM64
		{EBCF7209-9F78-4D31-868C-5CDBF2492D05}.Debug|ARM64.Deploy.0 = Debug|ARM64
		{EBCF7209-9F78-4D31-868C-5CDBF2492D05}.Debug|x64.ActiveCfg = Debug|x64
		{EBCF7209-9F78-4D31-868C-5CDBF2492D05}.Debug|x64.Build.0 = Debug|x64
		{EBCF7209-9F78-4D31-868C-5CDBF2492D05}.Debug|x64.Deploy.0 = Debug|x64
		{EBCF7209-9F78-4D31-868C-5CDBF2492D05}.Debug|x86.ActiveCfg = Debug|x86
		{EBCF7209-9F78-4D31-868C-5CDBF2492D05}.Debug|x86.Build.0 = Debug|x86
		{EBCF7209-9F78-4D31-868C-5CDBF2492D05}.Debug|x86.Deploy.0 = Debug|x86
		{EBCF7209-9F78-4D31-868C-5CDBF2492D05}.Release|ARM.ActiveCfg = Release|ARM
		{EBCF7209-9F78-4D31-868C-5CDBF2492D05}.Release|ARM.Build.0 = Release|ARM
		{EBCF7209-9F78-4D31-868C-5CDBF2492D05}.Release|ARM.Deploy.0 = Release|ARM
		{EBCF7209-9F78-4D31-868C-5CDBF2492D05}.Release|ARM64.ActiveCfg = Release|ARM64
		{EBCF7209-9F78-4D31-868C-5CDBF2492D05}.Release|ARM64.Build.0 = Release|ARM64
		{EBCF7209-9F78-4D31-868C-5CDBF2492D05}.Release|ARM64.Deploy.0 = Release|ARM64
		{EBCF7209-9F78-4D31-868C-5CDBF2492D05}.Release|x64.ActiveCfg = Release|x64
		{EBCF7209-9F78-4D31-868C-5CDBF2492D05}.Release|x64.Build.0 = Release|x64
		{EBCF7209-9F78-4D31-868C-5CDBF2492D05}.Release|x64.Deploy.0 = Release|x64
		{EBCF7209-9F78-4D31-868C-5CDBF2492D05}.Release|x86.ActiveCfg = Release|x86
		{EBCF7209-9F78-4D31-868C-5CDBF2492D05}.Release|x86.Build.0 = Release|x86
		{EBCF7209-9F78-4D31-868C-5CDBF2492D05}.Release|x86.Deploy.0 = Release|x86
	EndGlobalSection
	GlobalSection(SolutionProperties) = preSolution
		HideSolutionNode = FALSE
	EndGlobalSection
	GlobalSection(ExtensibilityGlobals) = postSolution
		SolutionGuid = {1BDA9BEB-27C2-4FC1-B96A-96D0ABE1F9AB}
	EndGlobalSection
EndGlobal
